// !$*UTF8*$!
{
	archiveVersion = 1;
	classes = {
	};
	objectVersion = 46;
	objects = {

/* Begin PBXBuildFile section */
		C490814722EB1673BF0EDA2A /* Pods_FarmersGuide.framework in Frameworks */ = {isa = PBXBuildFile; fileRef = B803294F46FFE358E15EDAFF /* Pods_FarmersGuide.framework */; settings = {ATTRIBUTES = (Weak, ); }; };
		E43FDB101B19D55C004BF235 /* Main.storyboard in Resources */ = {isa = PBXBuildFile; fileRef = E43FDB0E1B19D55C004BF235 /* Main.storyboard */; };
		E43FDB121B19D55C004BF235 /* Images.xcassets in Resources */ = {isa = PBXBuildFile; fileRef = E43FDB111B19D55C004BF235 /* Images.xcassets */; };
		E43FDB151B19D55C004BF235 /* LaunchScreen.xib in Resources */ = {isa = PBXBuildFile; fileRef = E43FDB131B19D55C004BF235 /* LaunchScreen.xib */; };
		E43FDB211B19D55C004BF235 /* FarmersGuideTests.swift in Sources */ = {isa = PBXBuildFile; fileRef = E43FDB201B19D55C004BF235 /* FarmersGuideTests.swift */; };
		E49D348F1B1D16780098FCFB /* SplitViewManager.swift in Sources */ = {isa = PBXBuildFile; fileRef = E49D348E1B1D16780098FCFB /* SplitViewManager.swift */; };
		E4A1250B1B1DEB560098AE3E /* ReadabilityResult.swift in Sources */ = {isa = PBXBuildFile; fileRef = E4A1250A1B1DEB560098AE3E /* ReadabilityResult.swift */; };
		E4A125121B1E10E10098AE3E /* Session+FarmersGuide.swift in Sources */ = {isa = PBXBuildFile; fileRef = E4A125111B1E10E10098AE3E /* Session+FarmersGuide.swift */; };
		E4A125141B1E11150098AE3E /* FGColor.swift in Sources */ = {isa = PBXBuildFile; fileRef = E4A125131B1E11150098AE3E /* FGColor.swift */; };
		E4E5DD451B1D0ECC00F068DD /* Article.swift in Sources */ = {isa = PBXBuildFile; fileRef = E4E5DD3E1B1D0ECC00F068DD /* Article.swift */; };
		E4E5DD461B1D0ECC00F068DD /* ArticlesViewController.swift in Sources */ = {isa = PBXBuildFile; fileRef = E4E5DD401B1D0ECC00F068DD /* ArticlesViewController.swift */; };
		E4E5DD471B1D0ECC00F068DD /* ArticleTableViewCell.swift in Sources */ = {isa = PBXBuildFile; fileRef = E4E5DD421B1D0ECC00F068DD /* ArticleTableViewCell.swift */; };
		E4E5DD481B1D0ECC00F068DD /* AppDelegate.swift in Sources */ = {isa = PBXBuildFile; fileRef = E4E5DD441B1D0ECC00F068DD /* AppDelegate.swift */; };
		E4E5DD4A1B1D0F0200F068DD /* ArticleViewController.swift in Sources */ = {isa = PBXBuildFile; fileRef = E4E5DD491B1D0F0200F068DD /* ArticleViewController.swift */; };
/* End PBXBuildFile section */

/* Begin PBXContainerItemProxy section */
		E43FDB1B1B19D55C004BF235 /* PBXContainerItemProxy */ = {
			isa = PBXContainerItemProxy;
			containerPortal = E43FDAFD1B19D55C004BF235 /* Project object */;
			proxyType = 1;
			remoteGlobalIDString = E43FDB041B19D55C004BF235;
			remoteInfo = FarmersGuide;
		};
/* End PBXContainerItemProxy section */

/* Begin PBXFileReference section */
		721AE987010BF244317676C0 /* Pods-FarmersGuide.debug.xcconfig */ = {isa = PBXFileReference; includeInIndex = 1; lastKnownFileType = text.xcconfig; name = "Pods-FarmersGuide.debug.xcconfig"; path = "Pods/Target Support Files/Pods-FarmersGuide/Pods-FarmersGuide.debug.xcconfig"; sourceTree = "<group>"; };
		B27155355D19A7149F06A6A6 /* Pods-FarmersGuide.release.xcconfig */ = {isa = PBXFileReference; includeInIndex = 1; lastKnownFileType = text.xcconfig; name = "Pods-FarmersGuide.release.xcconfig"; path = "Pods/Target Support Files/Pods-FarmersGuide/Pods-FarmersGuide.release.xcconfig"; sourceTree = "<group>"; };
		B803294F46FFE358E15EDAFF /* Pods_FarmersGuide.framework */ = {isa = PBXFileReference; explicitFileType = wrapper.framework; includeInIndex = 0; path = Pods_FarmersGuide.framework; sourceTree = BUILT_PRODUCTS_DIR; };
		E43FDB051B19D55C004BF235 /* FarmersGuide.app */ = {isa = PBXFileReference; explicitFileType = wrapper.application; includeInIndex = 0; path = FarmersGuide.app; sourceTree = BUILT_PRODUCTS_DIR; };
		E43FDB091B19D55C004BF235 /* Info.plist */ = {isa = PBXFileReference; lastKnownFileType = text.plist.xml; path = Info.plist; sourceTree = "<group>"; };
		E43FDB0F1B19D55C004BF235 /* Base */ = {isa = PBXFileReference; lastKnownFileType = file.storyboard; name = Base; path = Base.lproj/Main.storyboard; sourceTree = "<group>"; };
		E43FDB111B19D55C004BF235 /* Images.xcassets */ = {isa = PBXFileReference; lastKnownFileType = folder.assetcatalog; path = Images.xcassets; sourceTree = "<group>"; };
		E43FDB141B19D55C004BF235 /* Base */ = {isa = PBXFileReference; lastKnownFileType = file.xib; name = Base; path = Base.lproj/LaunchScreen.xib; sourceTree = "<group>"; };
		E43FDB1A1B19D55C004BF235 /* FarmersGuideTests.xctest */ = {isa = PBXFileReference; explicitFileType = wrapper.cfbundle; includeInIndex = 0; path = FarmersGuideTests.xctest; sourceTree = BUILT_PRODUCTS_DIR; };
		E43FDB1F1B19D55C004BF235 /* Info.plist */ = {isa = PBXFileReference; lastKnownFileType = text.plist.xml; path = Info.plist; sourceTree = "<group>"; };
		E43FDB201B19D55C004BF235 /* FarmersGuideTests.swift */ = {isa = PBXFileReference; lastKnownFileType = sourcecode.swift; path = FarmersGuideTests.swift; sourceTree = "<group>"; };
		E49D348E1B1D16780098FCFB /* SplitViewManager.swift */ = {isa = PBXFileReference; fileEncoding = 4; lastKnownFileType = sourcecode.swift; path = SplitViewManager.swift; sourceTree = "<group>"; };
		E4A1250A1B1DEB560098AE3E /* ReadabilityResult.swift */ = {isa = PBXFileReference; fileEncoding = 4; lastKnownFileType = sourcecode.swift; path = ReadabilityResult.swift; sourceTree = "<group>"; };
		E4A125111B1E10E10098AE3E /* Session+FarmersGuide.swift */ = {isa = PBXFileReference; fileEncoding = 4; lastKnownFileType = sourcecode.swift; path = "Session+FarmersGuide.swift"; sourceTree = "<group>"; };
		E4A125131B1E11150098AE3E /* FGColor.swift */ = {isa = PBXFileReference; fileEncoding = 4; lastKnownFileType = sourcecode.swift; path = FGColor.swift; sourceTree = "<group>"; };
		E4E5DD3E1B1D0ECC00F068DD /* Article.swift */ = {isa = PBXFileReference; fileEncoding = 4; lastKnownFileType = sourcecode.swift; path = Article.swift; sourceTree = "<group>"; };
		E4E5DD401B1D0ECC00F068DD /* ArticlesViewController.swift */ = {isa = PBXFileReference; fileEncoding = 4; lastKnownFileType = sourcecode.swift; path = ArticlesViewController.swift; sourceTree = "<group>"; };
		E4E5DD421B1D0ECC00F068DD /* ArticleTableViewCell.swift */ = {isa = PBXFileReference; fileEncoding = 4; lastKnownFileType = sourcecode.swift; path = ArticleTableViewCell.swift; sourceTree = "<group>"; };
		E4E5DD441B1D0ECC00F068DD /* AppDelegate.swift */ = {isa = PBXFileReference; fileEncoding = 4; lastKnownFileType = sourcecode.swift; path = AppDelegate.swift; sourceTree = "<group>"; };
		E4E5DD491B1D0F0200F068DD /* ArticleViewController.swift */ = {isa = PBXFileReference; fileEncoding = 4; lastKnownFileType = sourcecode.swift; path = ArticleViewController.swift; sourceTree = "<group>"; };
/* End PBXFileReference section */

/* Begin PBXFrameworksBuildPhase section */
		E43FDB021B19D55C004BF235 /* Frameworks */ = {
			isa = PBXFrameworksBuildPhase;
			buildActionMask = 2147483647;
			files = (
				C490814722EB1673BF0EDA2A /* Pods_FarmersGuide.framework in Frameworks */,
			);
			runOnlyForDeploymentPostprocessing = 0;
		};
		E43FDB171B19D55C004BF235 /* Frameworks */ = {
			isa = PBXFrameworksBuildPhase;
			buildActionMask = 2147483647;
			files = (
			);
			runOnlyForDeploymentPostprocessing = 0;
		};
/* End PBXFrameworksBuildPhase section */

/* Begin PBXGroup section */
		525B9C1BD6E57ED644A9119E /* Pods */ = {
			isa = PBXGroup;
			children = (
				721AE987010BF244317676C0 /* Pods-FarmersGuide.debug.xcconfig */,
				B27155355D19A7149F06A6A6 /* Pods-FarmersGuide.release.xcconfig */,
			);
			name = Pods;
			sourceTree = "<group>";
		};
		E43FDAFC1B19D55C004BF235 = {
			isa = PBXGroup;
			children = (
				E43FDB071B19D55C004BF235 /* FarmersGuide */,
				E43FDB1D1B19D55C004BF235 /* FarmersGuideTests */,
				E43FDB061B19D55C004BF235 /* Products */,
				525B9C1BD6E57ED644A9119E /* Pods */,
				F3F0A9E72A044D09FE673428 /* Frameworks */,
			);
			sourceTree = "<group>";
		};
		E43FDB061B19D55C004BF235 /* Products */ = {
			isa = PBXGroup;
			children = (
				E43FDB051B19D55C004BF235 /* FarmersGuide.app */,
				E43FDB1A1B19D55C004BF235 /* FarmersGuideTests.xctest */,
			);
			name = Products;
			sourceTree = "<group>";
		};
		E43FDB071B19D55C004BF235 /* FarmersGuide */ = {
			isa = PBXGroup;
			children = (
				E4E5DD3B1B1D0ECC00F068DD /* Classes */,
				E43FDB0E1B19D55C004BF235 /* Main.storyboard */,
				E43FDB111B19D55C004BF235 /* Images.xcassets */,
				E43FDB131B19D55C004BF235 /* LaunchScreen.xib */,
				E43FDB081B19D55C004BF235 /* Supporting Files */,
			);
			path = FarmersGuide;
			sourceTree = "<group>";
		};
		E43FDB081B19D55C004BF235 /* Supporting Files */ = {
			isa = PBXGroup;
			children = (
				E43FDB091B19D55C004BF235 /* Info.plist */,
			);
			name = "Supporting Files";
			sourceTree = "<group>";
		};
		E43FDB1D1B19D55C004BF235 /* FarmersGuideTests */ = {
			isa = PBXGroup;
			children = (
				E43FDB201B19D55C004BF235 /* FarmersGuideTests.swift */,
				E43FDB1E1B19D55C004BF235 /* Supporting Files */,
			);
			path = FarmersGuideTests;
			sourceTree = "<group>";
		};
		E43FDB1E1B19D55C004BF235 /* Supporting Files */ = {
			isa = PBXGroup;
			children = (
				E43FDB1F1B19D55C004BF235 /* Info.plist */,
			);
			name = "Supporting Files";
			sourceTree = "<group>";
		};
		E4E5DD3B1B1D0ECC00F068DD /* Classes */ = {
			isa = PBXGroup;
			children = (
				E4E5DD3C1B1D0ECC00F068DD /* Articles */,
				E4E5DD431B1D0ECC00F068DD /* Shared */,
			);
			path = Classes;
			sourceTree = "<group>";
		};
		E4E5DD3C1B1D0ECC00F068DD /* Articles */ = {
			isa = PBXGroup;
			children = (
				E4E5DD3D1B1D0ECC00F068DD /* Models */,
				E4E5DD3F1B1D0ECC00F068DD /* ViewControllers */,
				E4E5DD411B1D0ECC00F068DD /* Views */,
			);
			path = Articles;
			sourceTree = "<group>";
		};
		E4E5DD3D1B1D0ECC00F068DD /* Models */ = {
			isa = PBXGroup;
			children = (
				E4E5DD3E1B1D0ECC00F068DD /* Article.swift */,
			);
			path = Models;
			sourceTree = "<group>";
		};
		E4E5DD3F1B1D0ECC00F068DD /* ViewControllers */ = {
			isa = PBXGroup;
			children = (
				E4E5DD401B1D0ECC00F068DD /* ArticlesViewController.swift */,
				E4E5DD491B1D0F0200F068DD /* ArticleViewController.swift */,
			);
			path = ViewControllers;
			sourceTree = "<group>";
		};
		E4E5DD411B1D0ECC00F068DD /* Views */ = {
			isa = PBXGroup;
			children = (
				E4E5DD421B1D0ECC00F068DD /* ArticleTableViewCell.swift */,
			);
			path = Views;
			sourceTree = "<group>";
		};
		E4E5DD431B1D0ECC00F068DD /* Shared */ = {
			isa = PBXGroup;
			children = (
				E4E5DD441B1D0ECC00F068DD /* AppDelegate.swift */,
				E49D348E1B1D16780098FCFB /* SplitViewManager.swift */,
				E4A1250A1B1DEB560098AE3E /* ReadabilityResult.swift */,
				E4A125111B1E10E10098AE3E /* Session+FarmersGuide.swift */,
				E4A125131B1E11150098AE3E /* FGColor.swift */,
			);
			path = Shared;
			sourceTree = "<group>";
		};
		F3F0A9E72A044D09FE673428 /* Frameworks */ = {
			isa = PBXGroup;
			children = (
				B803294F46FFE358E15EDAFF /* Pods_FarmersGuide.framework */,
			);
			name = Frameworks;
			sourceTree = "<group>";
		};
/* End PBXGroup section */

/* Begin PBXNativeTarget section */
		E43FDB041B19D55C004BF235 /* FarmersGuide */ = {
			isa = PBXNativeTarget;
			buildConfigurationList = E43FDB241B19D55C004BF235 /* Build configuration list for PBXNativeTarget "FarmersGuide" */;
			buildPhases = (
				1C1027D57FB77A9C394FCFD9 /* Check Pods Manifest.lock */,
				E43FDB011B19D55C004BF235 /* Sources */,
				E43FDB021B19D55C004BF235 /* Frameworks */,
				E43FDB031B19D55C004BF235 /* Resources */,
				5C10A08DC37A2ACD511ACCFA /* Embed Pods Frameworks */,
				DF76FF14DAC8893333A16660 /* Copy Pods Resources */,
			);
			buildRules = (
			);
			dependencies = (
			);
			name = FarmersGuide;
			productName = FarmersGuide;
			productReference = E43FDB051B19D55C004BF235 /* FarmersGuide.app */;
			productType = "com.apple.product-type.application";
		};
		E43FDB191B19D55C004BF235 /* FarmersGuideTests */ = {
			isa = PBXNativeTarget;
			buildConfigurationList = E43FDB271B19D55C004BF235 /* Build configuration list for PBXNativeTarget "FarmersGuideTests" */;
			buildPhases = (
				E43FDB161B19D55C004BF235 /* Sources */,
				E43FDB171B19D55C004BF235 /* Frameworks */,
				E43FDB181B19D55C004BF235 /* Resources */,
			);
			buildRules = (
			);
			dependencies = (
				E43FDB1C1B19D55C004BF235 /* PBXTargetDependency */,
			);
			name = FarmersGuideTests;
			productName = FarmersGuideTests;
			productReference = E43FDB1A1B19D55C004BF235 /* FarmersGuideTests.xctest */;
			productType = "com.apple.product-type.bundle.unit-test";
		};
/* End PBXNativeTarget section */

/* Begin PBXProject section */
		E43FDAFD1B19D55C004BF235 /* Project object */ = {
			isa = PBXProject;
			attributes = {
				LastUpgradeCheck = 0630;
				ORGANIZATIONNAME = "Alex Bechmann";
				TargetAttributes = {
					E43FDB041B19D55C004BF235 = {
						CreatedOnToolsVersion = 6.3;
					};
					E43FDB191B19D55C004BF235 = {
						CreatedOnToolsVersion = 6.3;
						TestTargetID = E43FDB041B19D55C004BF235;
					};
				};
			};
			buildConfigurationList = E43FDB001B19D55C004BF235 /* Build configuration list for PBXProject "FarmersGuide" */;
			compatibilityVersion = "Xcode 3.2";
			developmentRegion = English;
			hasScannedForEncodings = 0;
			knownRegions = (
				en,
				Base,
			);
			mainGroup = E43FDAFC1B19D55C004BF235;
			productRefGroup = E43FDB061B19D55C004BF235 /* Products */;
			projectDirPath = "";
			projectRoot = "";
			targets = (
				E43FDB041B19D55C004BF235 /* FarmersGuide */,
				E43FDB191B19D55C004BF235 /* FarmersGuideTests */,
			);
		};
/* End PBXProject section */

/* Begin PBXResourcesBuildPhase section */
		E43FDB031B19D55C004BF235 /* Resources */ = {
			isa = PBXResourcesBuildPhase;
			buildActionMask = 2147483647;
			files = (
				E43FDB101B19D55C004BF235 /* Main.storyboard in Resources */,
				E43FDB151B19D55C004BF235 /* LaunchScreen.xib in Resources */,
				E43FDB121B19D55C004BF235 /* Images.xcassets in Resources */,
			);
			runOnlyForDeploymentPostprocessing = 0;
		};
		E43FDB181B19D55C004BF235 /* Resources */ = {
			isa = PBXResourcesBuildPhase;
			buildActionMask = 2147483647;
			files = (
			);
			runOnlyForDeploymentPostprocessing = 0;
		};
/* End PBXResourcesBuildPhase section */

/* Begin PBXShellScriptBuildPhase section */
		1C1027D57FB77A9C394FCFD9 /* Check Pods Manifest.lock */ = {
			isa = PBXShellScriptBuildPhase;
			buildActionMask = 2147483647;
			files = (
			);
			inputPaths = (
			);
			name = "Check Pods Manifest.lock";
			outputPaths = (
			);
			runOnlyForDeploymentPostprocessing = 0;
			shellPath = /bin/sh;
			shellScript = "diff \"${PODS_ROOT}/../Podfile.lock\" \"${PODS_ROOT}/Manifest.lock\" > /dev/null\nif [[ $? != 0 ]] ; then\n    cat << EOM\nerror: The sandbox is not in sync with the Podfile.lock. Run 'pod install' or update your CocoaPods installation.\nEOM\n    exit 1\nfi\n";
			showEnvVarsInLog = 0;
		};
		5C10A08DC37A2ACD511ACCFA /* Embed Pods Frameworks */ = {
			isa = PBXShellScriptBuildPhase;
			buildActionMask = 2147483647;
			files = (
			);
			inputPaths = (
			);
			name = "Embed Pods Frameworks";
			outputPaths = (
			);
			runOnlyForDeploymentPostprocessing = 0;
			shellPath = /bin/sh;
			shellScript = "\"${SRCROOT}/Pods/Target Support Files/Pods-FarmersGuide/Pods-FarmersGuide-frameworks.sh\"\n";
			showEnvVarsInLog = 0;
		};
		DF76FF14DAC8893333A16660 /* Copy Pods Resources */ = {
			isa = PBXShellScriptBuildPhase;
			buildActionMask = 2147483647;
			files = (
			);
			inputPaths = (
			);
			name = "Copy Pods Resources";
			outputPaths = (
			);
			runOnlyForDeploymentPostprocessing = 0;
			shellPath = /bin/sh;
			shellScript = "\"${SRCROOT}/Pods/Target Support Files/Pods-FarmersGuide/Pods-FarmersGuide-resources.sh\"\n";
			showEnvVarsInLog = 0;
		};
/* End PBXShellScriptBuildPhase section */

/* Begin PBXSourcesBuildPhase section */
		E43FDB011B19D55C004BF235 /* Sources */ = {
			isa = PBXSourcesBuildPhase;
			buildActionMask = 2147483647;
			files = (
				E4E5DD481B1D0ECC00F068DD /* AppDelegate.swift in Sources */,
				E4A1250B1B1DEB560098AE3E /* ReadabilityResult.swift in Sources */,
				E4A125141B1E11150098AE3E /* FGColor.swift in Sources */,
				E4A125121B1E10E10098AE3E /* Session+FarmersGuide.swift in Sources */,
				E4E5DD451B1D0ECC00F068DD /* Article.swift in Sources */,
				E4E5DD4A1B1D0F0200F068DD /* ArticleViewController.swift in Sources */,
				E49D348F1B1D16780098FCFB /* SplitViewManager.swift in Sources */,
				E4E5DD471B1D0ECC00F068DD /* ArticleTableViewCell.swift in Sources */,
				E4E5DD461B1D0ECC00F068DD /* ArticlesViewController.swift in Sources */,
			);
			runOnlyForDeploymentPostprocessing = 0;
		};
		E43FDB161B19D55C004BF235 /* Sources */ = {
			isa = PBXSourcesBuildPhase;
			buildActionMask = 2147483647;
			files = (
				E43FDB211B19D55C004BF235 /* FarmersGuideTests.swift in Sources */,
			);
			runOnlyForDeploymentPostprocessing = 0;
		};
/* End PBXSourcesBuildPhase section */

/* Begin PBXTargetDependency section */
		E43FDB1C1B19D55C004BF235 /* PBXTargetDependency */ = {
			isa = PBXTargetDependency;
			target = E43FDB041B19D55C004BF235 /* FarmersGuide */;
			targetProxy = E43FDB1B1B19D55C004BF235 /* PBXContainerItemProxy */;
		};
/* End PBXTargetDependency section */

/* Begin PBXVariantGroup section */
		E43FDB0E1B19D55C004BF235 /* Main.storyboard */ = {
			isa = PBXVariantGroup;
			children = (
				E43FDB0F1B19D55C004BF235 /* Base */,
			);
			name = Main.storyboard;
			sourceTree = "<group>";
		};
		E43FDB131B19D55C004BF235 /* LaunchScreen.xib */ = {
			isa = PBXVariantGroup;
			children = (
				E43FDB141B19D55C004BF235 /* Base */,
			);
			name = LaunchScreen.xib;
			sourceTree = "<group>";
		};
/* End PBXVariantGroup section */

/* Begin XCBuildConfiguration section */
		E43FDB221B19D55C004BF235 /* Debug */ = {
			isa = XCBuildConfiguration;
			buildSettings = {
				ALWAYS_SEARCH_USER_PATHS = NO;
				CLANG_CXX_LANGUAGE_STANDARD = "gnu++0x";
				CLANG_CXX_LIBRARY = "libc++";
				CLANG_ENABLE_MODULES = YES;
				CLANG_ENABLE_OBJC_ARC = YES;
				CLANG_WARN_BOOL_CONVERSION = YES;
				CLANG_WARN_CONSTANT_CONVERSION = YES;
				CLANG_WARN_DIRECT_OBJC_ISA_USAGE = YES_ERROR;
				CLANG_WARN_EMPTY_BODY = YES;
				CLANG_WARN_ENUM_CONVERSION = YES;
				CLANG_WARN_INT_CONVERSION = YES;
				CLANG_WARN_OBJC_ROOT_CLASS = YES_ERROR;
				CLANG_WARN_UNREACHABLE_CODE = YES;
				CLANG_WARN__DUPLICATE_METHOD_MATCH = YES;
				"CODE_SIGN_IDENTITY[sdk=iphoneos*]" = "iPhone Developer";
				COPY_PHASE_STRIP = NO;
				DEBUG_INFORMATION_FORMAT = "dwarf-with-dsym";
				ENABLE_STRICT_OBJC_MSGSEND = YES;
				GCC_C_LANGUAGE_STANDARD = gnu99;
				GCC_DYNAMIC_NO_PIC = NO;
				GCC_NO_COMMON_BLOCKS = YES;
				GCC_OPTIMIZATION_LEVEL = 0;
				GCC_PREPROCESSOR_DEFINITIONS = (
					"DEBUG=1",
					"$(inherited)",
				);
				GCC_SYMBOLS_PRIVATE_EXTERN = NO;
				GCC_WARN_64_TO_32_BIT_CONVERSION = YES;
				GCC_WARN_ABOUT_RETURN_TYPE = YES_ERROR;
				GCC_WARN_UNDECLARED_SELECTOR = YES;
				GCC_WARN_UNINITIALIZED_AUTOS = YES_AGGRESSIVE;
				GCC_WARN_UNUSED_FUNCTION = YES;
				GCC_WARN_UNUSED_VARIABLE = YES;
				IPHONEOS_DEPLOYMENT_TARGET = 8.3;
				MTL_ENABLE_DEBUG_INFO = YES;
				ONLY_ACTIVE_ARCH = YES;
				SDKROOT = iphoneos;
				SWIFT_OPTIMIZATION_LEVEL = "-Onone";
				TARGETED_DEVICE_FAMILY = "1,2";
			};
			name = Debug;
		};
		E43FDB231B19D55C004BF235 /* Release */ = {
			isa = XCBuildConfiguration;
			buildSettings = {
				ALWAYS_SEARCH_USER_PATHS = NO;
				CLANG_CXX_LANGUAGE_STANDARD = "gnu++0x";
				CLANG_CXX_LIBRARY = "libc++";
				CLANG_ENABLE_MODULES = YES;
				CLANG_ENABLE_OBJC_ARC = YES;
				CLANG_WARN_BOOL_CONVERSION = YES;
				CLANG_WARN_CONSTANT_CONVERSION = YES;
				CLANG_WARN_DIRECT_OBJC_ISA_USAGE = YES_ERROR;
				CLANG_WARN_EMPTY_BODY = YES;
				CLANG_WARN_ENUM_CONVERSION = YES;
				CLANG_WARN_INT_CONVERSION = YES;
				CLANG_WARN_OBJC_ROOT_CLASS = YES_ERROR;
				CLANG_WARN_UNREACHABLE_CODE = YES;
				CLANG_WARN__DUPLICATE_METHOD_MATCH = YES;
				"CODE_SIGN_IDENTITY[sdk=iphoneos*]" = "iPhone Developer";
				COPY_PHASE_STRIP = NO;
				DEBUG_INFORMATION_FORMAT = "dwarf-with-dsym";
				ENABLE_NS_ASSERTIONS = NO;
				ENABLE_STRICT_OBJC_MSGSEND = YES;
				GCC_C_LANGUAGE_STANDARD = gnu99;
				GCC_NO_COMMON_BLOCKS = YES;
				GCC_WARN_64_TO_32_BIT_CONVERSION = YES;
				GCC_WARN_ABOUT_RETURN_TYPE = YES_ERROR;
				GCC_WARN_UNDECLARED_SELECTOR = YES;
				GCC_WARN_UNINITIALIZED_AUTOS = YES_AGGRESSIVE;
				GCC_WARN_UNUSED_FUNCTION = YES;
				GCC_WARN_UNUSED_VARIABLE = YES;
				IPHONEOS_DEPLOYMENT_TARGET = 8.3;
				MTL_ENABLE_DEBUG_INFO = NO;
				SDKROOT = iphoneos;
				TARGETED_DEVICE_FAMILY = "1,2";
				VALIDATE_PRODUCT = YES;
			};
			name = Release;
		};
		E43FDB251B19D55C004BF235 /* Debug */ = {
			isa = XCBuildConfiguration;
			baseConfigurationReference = 721AE987010BF244317676C0 /* Pods-FarmersGuide.debug.xcconfig */;
			buildSettings = {
				ASSETCATALOG_COMPILER_APPICON_NAME = AppIcon;
				INFOPLIST_FILE = FarmersGuide/Info.plist;
				LD_RUNPATH_SEARCH_PATHS = "$(inherited) @executable_path/Frameworks";
				PRODUCT_NAME = "$(TARGET_NAME)";
			};
			name = Debug;
		};
		E43FDB261B19D55C004BF235 /* Release */ = {
			isa = XCBuildConfiguration;
			baseConfigurationReference = B27155355D19A7149F06A6A6 /* Pods-FarmersGuide.release.xcconfig */;
			buildSettings = {
				ASSETCATALOG_COMPILER_APPICON_NAME = AppIcon;
				INFOPLIST_FILE = FarmersGuide/Info.plist;
				LD_RUNPATH_SEARCH_PATHS = "$(inherited) @executable_path/Frameworks";
				PRODUCT_NAME = "$(TARGET_NAME)";
			};
			name = Release;
		};
		E43FDB281B19D55C004BF235 /* Debug */ = {
			isa = XCBuildConfiguration;
			buildSettings = {
				BUNDLE_LOADER = "$(TEST_HOST)";
				FRAMEWORK_SEARCH_PATHS = (
					"$(SDKROOT)/Developer/Library/Frameworks",
					"$(inherited)",
				);
				GCC_PREPROCESSOR_DEFINITIONS = (
					"DEBUG=1",
					"$(inherited)",
				);
				INFOPLIST_FILE = FarmersGuideTests/Info.plist;
				LD_RUNPATH_SEARCH_PATHS = "$(inherited) @executable_path/Frameworks @loader_path/Frameworks";
				PRODUCT_NAME = "$(TARGET_NAME)";
				TEST_HOST = "$(BUILT_PRODUCTS_DIR)/FarmersGuide.app/FarmersGuide";
			};
			name = Debug;
		};
		E43FDB291B19D55C004BF235 /* Release */ = {
			isa = XCBuildConfiguration;
			buildSettings = {
				BUNDLE_LOADER = "$(TEST_HOST)";
				FRAMEWORK_SEARCH_PATHS = (
					"$(SDKROOT)/Developer/Library/Frameworks",
					"$(inherited)",
				);
				INFOPLIST_FILE = FarmersGuideTests/Info.plist;
				LD_RUNPATH_SEARCH_PATHS = "$(inherited) @executable_path/Frameworks @loader_path/Frameworks";
				PRODUCT_NAME = "$(TARGET_NAME)";
				TEST_HOST = "$(BUILT_PRODUCTS_DIR)/FarmersGuide.app/FarmersGuide";
			};
			name = Release;
		};
/* End XCBuildConfiguration section */

/* Begin XCConfigurationList section */
		E43FDB001B19D55C004BF235 /* Build configuration list for PBXProject "FarmersGuide" */ = {
			isa = XCConfigurationList;
			buildConfigurations = (
				E43FDB221B19D55C004BF235 /* Debug */,
				E43FDB231B19D55C004BF235 /* Release */,
			);
			defaultConfigurationIsVisible = 0;
			defaultConfigurationName = Release;
		};
		E43FDB241B19D55C004BF235 /* Build configuration list for PBXNativeTarget "FarmersGuide" */ = {
			isa = XCConfigurationList;
			buildConfigurations = (
				E43FDB251B19D55C004BF235 /* Debug */,
				E43FDB261B19D55C004BF235 /* Release */,
			);
			defaultConfigurationIsVisible = 0;
			defaultConfigurationName = Release;
		};
		E43FDB271B19D55C004BF235 /* Build configuration list for PBXNativeTarget "FarmersGuideTests" */ = {
			isa = XCConfigurationList;
			buildConfigurations = (
				E43FDB281B19D55C004BF235 /* Debug */,
				E43FDB291B19D55C004BF235 /* Release */,
			);
			defaultConfigurationIsVisible = 0;
			defaultConfigurationName = Release;
		};
/* End XCConfigurationList section */
	};
	rootObject = E43FDAFD1B19D55C004BF235 /* Project object */;
}
